{
  "originHash" : "53509b2f016a8831b11ea7865fe30cfc1423bd868fc5d01327dd62c299c4c869",
  "pins" : [
    {
      "identity" : "essentials",
      "kind" : "remoteSourceControl",
      "location" : "https://github.com/Vaida12345/Essentials",
      "state" : {
        "revision" : "9e0d2855be364469b3e11aac887d6712c3350b1e",
        "version" : "1.0.0"
      }
    },
    {
      "identity" : "finderitem",
      "kind" : "remoteSourceControl",
      "location" : "https://github.com/Vaida12345/FinderItem",
      "state" : {
        "revision" : "46d55d0566f40c74ac7ad8280a6cbba5688bef83",
        "version" : "1.0.3"
      }
    },
    {
      "identity" : "swift-argument-parser",
      "kind" : "remoteSourceControl",
      "location" : "https://github.com/apple/swift-argument-parser.git",
      "state" : {
        "revision" : "41982a3656a71c768319979febd796c6fd111d5c",
        "version" : "1.5.0"
      }
    }
  ],
  "version" : 3
}
