{
  "originHash" : "2adc7642397160e2fcc78a1a550d098a79dfd9fab65744fc45af982539497fd3",
  "pins" : [
    {
      "identity" : "essentials",
      "kind" : "remoteSourceControl",
      "location" : "https://github.com/Vaida12345/Essentials",
      "state" : {
        "revision" : "9e0d2855be364469b3e11aac887d6712c3350b1e",
        "version" : "1.0.0"
      }
    },
    {
      "identity" : "finderitem",
      "kind" : "remoteSourceControl",
      "location" : "https://github.com/Vaida12345/FinderItem",
      "state" : {
        "revision" : "19c1bd2ae89418a96ce57464a0ae9875014a086d",
        "version" : "1.0.4"
      }
    },
    {
      "identity" : "swift-argument-parser",
      "kind" : "remoteSourceControl",
      "location" : "https://github.com/apple/swift-argument-parser.git",
      "state" : {
        "revision" : "41982a3656a71c768319979febd796c6fd111d5c",
        "version" : "1.5.0"
      }
    }
  ],
  "version" : 3
}
