{
  "originHash" : "2d70f25b5997384e4520ec76f250fc3e5986f157a571cd176ada0f827407dfe8",
  "pins" : [
    {
      "identity" : "essentials",
      "kind" : "remoteSourceControl",
      "location" : "https://github.com/Vaida12345/Essentials",
      "state" : {
        "revision" : "f2d242b5b4888386b780e2b54b9409b38afc3c9b",
        "version" : "1.0.9"
      }
    },
    {
      "identity" : "finderitem",
      "kind" : "remoteSourceControl",
      "location" : "https://github.com/Vaida12345/FinderItem.git",
      "state" : {
        "revision" : "19c1bd2ae89418a96ce57464a0ae9875014a086d",
        "version" : "1.0.4"
      }
    },
    {
      "identity" : "swift-argument-parser",
      "kind" : "remoteSourceControl",
      "location" : "https://github.com/apple/swift-argument-parser.git",
      "state" : {
        "revision" : "41982a3656a71c768319979febd796c6fd111d5c",
        "version" : "1.5.0"
      }
    }
  ],
  "version" : 3
}
